
Microsoft Visual Studio Solution File, Format Version 12.00
# Visual Studio Version 16
VisualStudioVersion = 16.0.29230.47
MinimumVisualStudioVersion = 10.0.40219.1
Project("{8BC9CEB8-8B4A-11D0-8D11-00A0C91BC942}") = "AWO", "AWO\AWO.vcxproj", "{EABBA246-9F04-4B4A-9AD2-97037C38594C}"
EndProject
Global
	GlobalSection(SolutionConfigurationPlatforms) = preSolution
		Debug|x86 = Debug|x86
		Release|x86 = Release|x86
	EndGlobalSection
	GlobalSection(ProjectConfigurationPlatforms) = postSolution
		{EABBA246-9F04-4B4A-9AD2-97037C38594C}.Debug|x86.ActiveCfg = Debug|Win32
		{EABBA246-9F04-4B4A-9AD2-97037C38594C}.Debug|x86.Build.0 = Debug|Win32
		{EABBA246-9F04-4B4A-9AD2-97037C38594C}.Release|x86.ActiveCfg = Release|Win32
		{EABBA246-9F04-4B4A-9AD2-97037C38594C}.Release|x86.Build.0 = Release|Win32
	EndGlobalSection
	GlobalSection(SolutionProperties) = preSolution
		HideSolutionNode = FALSE
	EndGlobalSection
	GlobalSection(ExtensibilityGlobals) = postSolution
		SolutionGuid = {6E225005-273F-4E2A-A836-7B936B244028}
	EndGlobalSection
EndGlobal
