<?xml version="1.0" encoding="utf-8"?>
<Project ToolsVersion="4.0" xmlns="http://schemas.microsoft.com/developer/msbuild/2003">
  <ItemGroup>
    <Filter Include="Source Files">
      <UniqueIdentifier>{4FC737F1-C7A5-4376-A066-2A32D752A2FF}</UniqueIdentifier>
      <Extensions>cpp;c;cc;cxx;def;odl;idl;hpj;bat;asm;asmx</Extensions>
    </Filter>
    <Filter Include="Header Files">
      <UniqueIdentifier>{93995380-89BD-4b04-88EB-625FBE52EBFB}</UniqueIdentifier>
      <Extensions>h;hh;hpp;hxx;hm;inl;inc;ipp;xsd</Extensions>
    </Filter>
    <Filter Include="Resource Files">
      <UniqueIdentifier>{67DA6AB6-F800-4c08-8B7A-83BB121AAD01}</UniqueIdentifier>
      <Extensions>rc;ico;cur;bmp;dlg;rc2;rct;bin;rgs;gif;jpg;jpeg;jpe;resx;tiff;tif;png;wav;mfcribbon-ms</Extensions>
    </Filter>
  </ItemGroup>
  <ItemGroup>
    <ClCompile Include="Src\GL_Helpers\create_shader_program.c">
      <Filter>Source Files</Filter>
    </ClCompile>
    <ClCompile Include="Src\Utilities\read_file.c">
      <Filter>Source Files</Filter>
    </ClCompile>
    <ClCompile Include="Src\GL_Helpers\create_texture.c">
      <Filter>Source Files</Filter>
    </ClCompile>
    <ClCompile Include="Src\Game\Data\Animation\animation.c">
      <Filter>Source Files</Filter>
    </ClCompile>
    <ClCompile Include="Src\Game\Data\Unit\units_data_creation.c">
      <Filter>Source Files</Filter>
    </ClCompile>
    <ClCompile Include="Src\Game\Data\Unit\units_data_access.c">
      <Filter>Source Files</Filter>
    </ClCompile>
    <ClCompile Include="Src\Game\Board\game_board.c">
      <Filter>Source Files</Filter>
    </ClCompile>
    <ClCompile Include="Src\Game\render_game.c">
      <Filter>Source Files</Filter>
    </ClCompile>
    <ClCompile Include="Src\Game\update_game.c">
      <Filter>Source Files</Filter>
    </ClCompile>
    <ClCompile Include="Src\Game\Renderer\game_renderer.c">
      <Filter>Source Files</Filter>
    </ClCompile>
    <ClCompile Include="Src\Game\Renderer\Sprite_Batch\sprite_batch.c">
      <Filter>Source Files</Filter>
    </ClCompile>
    <ClCompile Include="Src\Game\Renderer\Render_Grid\get_render_grid_VAO.c">
      <Filter>Source Files</Filter>
    </ClCompile>
    <ClCompile Include="Src\Game\Renderer\Render_Grid\render_grid.c">
      <Filter>Source Files</Filter>
    </ClCompile>
    <ClCompile Include="Src\Utilities\hex_string_to_data.c">
      <Filter>Source Files</Filter>
    </ClCompile>
    <ClCompile Include="Src\Game\Board\load_game_board_stage.c">
      <Filter>Source Files</Filter>
    </ClCompile>
    <ClCompile Include="Src\Game\Renderer\Render_Grid\update_render_grid.c">
      <Filter>Source Files</Filter>
    </ClCompile>
    <ClCompile Include="Src\Game\Data\Animation\Frame\frame.c">
      <Filter>Source Files</Filter>
    </ClCompile>
    <ClCompile Include="Src\Game\Data\Tile\Property_Tile\properties_data_access.c">
      <Filter>Source Files</Filter>
    </ClCompile>
    <ClCompile Include="Src\Game\Data\Tile\Property_Tile\properties_data_creation.c">
      <Filter>Source Files</Filter>
    </ClCompile>
    <ClCompile Include="Src\Game\Data\Tile\Neutral_Tile\Type\Variation\tile_variation_data.c">
      <Filter>Source Files</Filter>
    </ClCompile>
    <ClCompile Include="Src\Game\Data\Tile\Neutral_Tile\Type\tile_type_data.c">
      <Filter>Source Files</Filter>
    </ClCompile>
    <ClCompile Include="Src\Game\Data\Tile\Neutral_Tile\neutral_tiles_data_access.c">
      <Filter>Source Files</Filter>
    </ClCompile>
    <ClCompile Include="Src\Game\Data\Tile\Neutral_Tile\neutral_tiles_data_creation.c">
      <Filter>Source Files</Filter>
    </ClCompile>
    <ClCompile Include="Src\Game\Data\Tile\tiles_data_creation.c">
      <Filter>Source Files</Filter>
    </ClCompile>
    <ClCompile Include="Src\Game\Clock\Tick_Event\print_tick_events_list.c">
      <Filter>Source Files</Filter>
    </ClCompile>
    <ClCompile Include="Src\Game\Clock\game_clock.c">
      <Filter>Source Files</Filter>
    </ClCompile>
    <ClCompile Include="Src\Game\Data\Palette\Raw_Palette\create_raw_palette_texture.c">
      <Filter>Source Files</Filter>
    </ClCompile>
    <ClCompile Include="Src\Game\Data\Palette\Raw_Palette\get_raw_palette_index.c">
      <Filter>Source Files</Filter>
    </ClCompile>
    <ClCompile Include="Src\Game\Data\Palette\Game_Palette\get_game_palette_index.c">
      <Filter>Source Files</Filter>
    </ClCompile>
    <ClCompile Include="Src\Game\Data\Palette\get_palette_NDC_index.c">
      <Filter>Source Files</Filter>
    </ClCompile>
    <ClCompile Include="Src\Game\Board\add_game_board_tile.c">
      <Filter>Source Files</Filter>
    </ClCompile>
    <ClCompile Include="Src\Game\Player\player.c">
      <Filter>Source Files</Filter>
    </ClCompile>
    <ClCompile Include="Src\Game\Player\CO\CO.c">
      <Filter>Source Files</Filter>
    </ClCompile>
    <ClCompile Include="Src\Utilities\Linked_List\list_entry.c">
      <Filter>Source Files</Filter>
    </ClCompile>
    <ClCompile Include="Src\Utilities\Linked_List\linked_list.c">
      <Filter>Source Files</Filter>
    </ClCompile>
    <ClCompile Include="Src\Game\Data\Palette\Game_Palette\update_properties_weather_colors.c">
      <Filter>Source Files</Filter>
    </ClCompile>
    <ClCompile Include="Src\Game\Stage\generate_filled_stage.c">
      <Filter>Source Files</Filter>
    </ClCompile>
    <ClCompile Include="Src\Game\Stage\generate_custom_stage.c">
      <Filter>Source Files</Filter>
    </ClCompile>
    <ClCompile Include="Src\Game\Stage\stage.c">
      <Filter>Source Files</Filter>
    </ClCompile>
    <ClCompile Include="Src\Game\Data\Palette\Game_Palette\update_game_palette_property_lights.c">
      <Filter>Source Files</Filter>
    </ClCompile>
    <ClCompile Include="Src\Game\Clock\Pub_Sub\pub_sub.c">
      <Filter>Source Files</Filter>
    </ClCompile>
    <ClCompile Include="Src\Game\Clock\Subscribers\Tiles\game_clock_tile_subscriber.c">
      <Filter>Source Files</Filter>
    </ClCompile>
    <ClCompile Include="Src\Game\Clock\Subscribers\Property_Lights\property_lights_subscriber.c">
      <Filter>Source Files</Filter>
    </ClCompile>
    <ClCompile Include="Src\Game\Inputs\Mouse\mouse.c">
      <Filter>Source Files</Filter>
    </ClCompile>
    <ClCompile Include="Src\Game\Inputs\Keyboard\keyboard.c">
      <Filter>Source Files</Filter>
    </ClCompile>
    <ClCompile Include="Src\Game\Board\edit_game_board_tile.c">
      <Filter>Source Files</Filter>
    </ClCompile>
    <ClCompile Include="Src\GL_Helpers\read_texture_data.c">
      <Filter>Source Files</Filter>
    </ClCompile>
    <ClCompile Include="Src\Game\Data\Tile\Neutral_Tile\Access\tiles_auto_var_data_access.c">
      <Filter>Source Files</Filter>
    </ClCompile>
    <ClCompile Include="Src\Game\Data\Tile\Neutral_Tile\Access\tile_type_data_access.c">
      <Filter>Source Files</Filter>
    </ClCompile>
    <ClCompile Include="Src\Game\Data\Tile\Neutral_Tile\Access\tile_var_data_access.c">
      <Filter>Source Files</Filter>
    </ClCompile>
    <ClCompile Include="Src\Game\Editor\game_editor.c">
      <Filter>Source Files</Filter>
    </ClCompile>
    <ClCompile Include="Src\Game\Data\Palette\Game_Palette\update_game_palette.c">
      <Filter>Source Files</Filter>
    </ClCompile>
    <ClCompile Include="Src\Game\Data\Palette\Game_Palette\create_game_palette.c">
      <Filter>Source Files</Filter>
    </ClCompile>
    <ClCompile Include="Src\Game\Board\update_game_board_weather.c">
      <Filter>Source Files</Filter>
    </ClCompile>
    <ClCompile Include="Src\Game\Stage\stringify_stage.c">
      <Filter>Source Files</Filter>
    </ClCompile>
    <ClCompile Include="Src\Game\Stage\generate_stage_from_string.c">
      <Filter>Source Files</Filter>
    </ClCompile>
    <ClCompile Include="Src\Game\Stage\validate_stage.c">
      <Filter>Source Files</Filter>
    </ClCompile>
    <ClCompile Include="Src\Game\Stage\validate_stage_string_data.c">
      <Filter>Source Files</Filter>
    </ClCompile>
    <ClCompile Include="Src\Game\Data\UI\UI_data_creation.c">
      <Filter>Source Files</Filter>
    </ClCompile>
    <ClCompile Include="Src\Game\Data\UI\UI_data_access.c">
      <Filter>Source Files</Filter>
    </ClCompile>
    <ClCompile Include="Src\Game\Data\CO\CO_data_creation.c">
      <Filter>Source Files</Filter>
    </ClCompile>
    <ClCompile Include="Src\Game\Data\CO\CO_data_access.c">
      <Filter>Source Files</Filter>
    </ClCompile>
    <ClCompile Include="Src\Game\Renderer\Extras_Renderer\extras_renderer.c">
      <Filter>Source Files</Filter>
    </ClCompile>
    <ClCompile Include="Src\Game\Renderer\update_game_renderer.c">
      <Filter>Source Files</Filter>
    </ClCompile>
    <ClCompile Include="Src\Game\Renderer\render_game_renderer.c">
      <Filter>Source Files</Filter>
    </ClCompile>
    <ClCompile Include="Src\Game\Entity\Tile\Neutral\delete_neutral_tile.c">
      <Filter>Source Files</Filter>
    </ClCompile>
    <ClCompile Include="Src\Game\Entity\Tile\Neutral\neutral_tile.c">
      <Filter>Source Files</Filter>
    </ClCompile>
    <ClCompile Include="Src\Game\Entity\Tile\Neutral\update_neutral_tile_grid.c">
      <Filter>Source Files</Filter>
    </ClCompile>
    <ClCompile Include="Src\Game\Entity\Tile\Neutral\update_neutral_tile_palette.c">
      <Filter>Source Files</Filter>
    </ClCompile>
    <ClCompile Include="Src\Game\Entity\Tile\Property\delete_property_tile.c">
      <Filter>Source Files</Filter>
    </ClCompile>
    <ClCompile Include="Src\Game\Entity\Tile\Property\property_tile.c">
      <Filter>Source Files</Filter>
    </ClCompile>
    <ClCompile Include="Src\Game\Entity\Tile\Property\update_property_tile_grid.c">
      <Filter>Source Files</Filter>
    </ClCompile>
    <ClCompile Include="Src\Game\Entity\Tile\Property\update_property_tile_palette.c">
      <Filter>Source Files</Filter>
    </ClCompile>
    <ClCompile Include="Src\Game\Renderer\update_game_renderer_matrices.c">
      <Filter>Source Files</Filter>
    </ClCompile>
    <ClCompile Include="Src\Game\Entity\Unit\update_unit_grid.c">
      <Filter>Source Files</Filter>
    </ClCompile>
    <ClCompile Include="Src\Game\Entity\Unit\update_unit_palette.c">
      <Filter>Source Files</Filter>
    </ClCompile>
    <ClCompile Include="Src\Game\Entity\Unit\unit.c">
      <Filter>Source Files</Filter>
    </ClCompile>
    <ClCompile Include="Src\Game\Entity\Unit\delete_unit.c">
      <Filter>Source Files</Filter>
    </ClCompile>
    <ClCompile Include="Src\Game\Board\player_unit_list.c">
      <Filter>Source Files</Filter>
    </ClCompile>
    <ClCompile Include="Src\Game\Board\player_property_list.c">
      <Filter>Source Files</Filter>
    </ClCompile>
    <ClCompile Include="Src\Game\Board\add_game_board_unit.c">
      <Filter>Source Files</Filter>
    </ClCompile>
    <ClCompile Include="Src\Game\Editor\apply_autovars.c">
      <Filter>Source Files</Filter>
    </ClCompile>
    <ClCompile Include="Src\Game\Editor\set_editor_unit_entity.c">
      <Filter>Source Files</Filter>
    </ClCompile>
    <ClCompile Include="Src\Game\Editor\set_editor_tile_entity.c">
      <Filter>Source Files</Filter>
    </ClCompile>
    <ClCompile Include="Src\Game\Data\Clock\clock_data.c">
      <Filter>Source Files</Filter>
    </ClCompile>
    <ClCompile Include="Src\Game\Data\game_data.c">
      <Filter>Source Files</Filter>
    </ClCompile>
    <ClCompile Include="Src\Game\prepare_game.c">
      <Filter>Source Files</Filter>
    </ClCompile>
    <ClCompile Include="Src\API\Game\create_game.c">
      <Filter>Source Files</Filter>
    </ClCompile>
    <ClCompile Include="Src\API\Game\free_game.c">
      <Filter>Source Files</Filter>
    </ClCompile>
    <ClCompile Include="Src\API\Game\prepare_design_room_game.c">
      <Filter>Source Files</Filter>
    </ClCompile>
    <ClCompile Include="Src\API\Game\run_game.c">
      <Filter>Source Files</Filter>
    </ClCompile>
    <ClCompile Include="Src\API\Game\unprepare_game.c">
      <Filter>Source Files</Filter>
    </ClCompile>
    <ClCompile Include="Src\API\Game\update_game_window_dimensions.c">
      <Filter>Source Files</Filter>
    </ClCompile>
    <ClCompile Include="Src\API\Game_Editor\update_game_editor_selected_entity.c">
      <Filter>Source Files</Filter>
    </ClCompile>
    <ClCompile Include="Src\API\Game_Data\tiles_data.c">
      <Filter>Source Files</Filter>
    </ClCompile>
    <ClCompile Include="Src\GL_Helpers\Texture_Reader\texture_reader.c">
      <Filter>Source Files</Filter>
    </ClCompile>
    <ClCompile Include="Src\Game\Data\Entity_Texture_Reader\entity_texture_reader.c">
      <Filter>Source Files</Filter>
    </ClCompile>
    <ClCompile Include="Src\API\Game_Data\API_entity_texture_reader.c">
      <Filter>Source Files</Filter>
    </ClCompile>
    <ClCompile Include="Src\Game\Clock\Timer\clock_timer.c">
      <Filter>Source Files</Filter>
    </ClCompile>
    <ClCompile Include="Src\Game\Board\get_game_board_tile_type.c">
      <Filter>Source Files</Filter>
    </ClCompile>
    <ClCompile Include="Src\Game\Editor\set_editor_property_entity.c">
      <Filter>Source Files</Filter>
    </ClCompile>
    <ClCompile Include="Src\API\Game\get_game_state.c">
      <Filter>Source Files</Filter>
    </ClCompile>
    <ClCompile Include="Src\API\Game_Message\get_next_game_message.c">
      <Filter>Source Files</Filter>
    </ClCompile>
    <ClCompile Include="Src\Utilities\Message_Service\message_service.c">
      <Filter>Source Files</Filter>
    </ClCompile>
    <ClCompile Include="Src\Utilities\Message_Service\message_service_basic.c">
      <Filter>Source Files</Filter>
    </ClCompile>
    <ClCompile Include="Src\API\Game_Message\free_game_message.c">
      <Filter>Source Files</Filter>
    </ClCompile>
    <ClCompile Include="Src\Game\Data\Tile\Neutral_Tile\Type\Placement_Rule\tile_placement_rule.c">
      <Filter>Source Files</Filter>
    </ClCompile>
    <ClCompile Include="Src\Game\Data\Tile\Neutral_Tile\Access\tile_placement_rules_access.c">
      <Filter>Source Files</Filter>
    </ClCompile>
    <ClCompile Include="Src\Game\Data\Tile\Neutral_Tile\Type\Placement_Rule\tile_placement_rule_set.c">
      <Filter>Source Files</Filter>
    </ClCompile>
    <ClCompile Include="Src\Game\Data\Tile\Neutral_Tile\Type\Auto_Var\tile_auto_var_data.c">
      <Filter>Source Files</Filter>
    </ClCompile>
    <ClCompile Include="Src\Game\Editor\is_editor_tile_placeable.c">
      <Filter>Source Files</Filter>
    </ClCompile>
    <ClCompile Include="Src\Game\Controller\Editor\game_editor_controller.c">
      <Filter>Source Files</Filter>
    </ClCompile>
    <ClCompile Include="Src\Game\Renderer\Stage_Renderer\stage_renderer.c">
      <Filter>Source Files</Filter>
    </ClCompile>
    <ClCompile Include="Src\Game\Renderer\Stage_Renderer\update_stage_renderer_matrices.c">
      <Filter>Source Files</Filter>
    </ClCompile>
    <ClCompile Include="Src\GL_Helpers\create_projection_matrix.c">
      <Filter>Source Files</Filter>
    </ClCompile>
    <ClCompile Include="Src\GL_Helpers\create_glfw_window.c">
      <Filter>Source Files</Filter>
    </ClCompile>
    <ClCompile Include="Src\Game\init_game_rendering.c">
      <Filter>Source Files</Filter>
    </ClCompile>
    <ClCompile Include="Src\GL_Helpers\glad.c">
      <Filter>Source Files</Filter>
    </ClCompile>
    <ClCompile Include="Internal\Camera\focus.c">
      <Filter>Source Files</Filter>
    </ClCompile>
    <ClCompile Include="Internal\Camera\zoom.c">
      <Filter>Source Files</Filter>
    </ClCompile>
    <ClCompile Include="Internal\Camera\camera.c">
      <Filter>Source Files</Filter>
    </ClCompile>
    <ClCompile Include="Internal\Utilities\round_float_to_int.c">
      <Filter>Source Files</Filter>
    </ClCompile>
  </ItemGroup>
  <ItemGroup>
    <ClInclude Include="Src\conf.h">
      <Filter>Header Files</Filter>
    </ClInclude>
    <ClInclude Include="Src\Libraries\cJSON.h">
      <Filter>Header Files</Filter>
    </ClInclude>
    <ClInclude Include="Src\Libraries\c_hashmap.h">
      <Filter>Header Files</Filter>
    </ClInclude>
    <ClInclude Include="Src\Utilities\macros.h">
      <Filter>Header Files</Filter>
    </ClInclude>
    <ClInclude Include="Src\Utilities\utilities.h">
      <Filter>Header Files</Filter>
    </ClInclude>
    <ClInclude Include="Src\Libraries\SDL_FontCache.h">
      <Filter>Header Files</Filter>
    </ClInclude>
    <ClInclude Include="Src\Game\_game.h">
      <Filter>Header Files</Filter>
    </ClInclude>
    <ClInclude Include="Src\GL_Helpers\gl_helpers.h">
      <Filter>Header Files</Filter>
    </ClInclude>
    <ClInclude Include="Src\Game\Data\Animation\animation.h">
      <Filter>Header Files</Filter>
    </ClInclude>
    <ClInclude Include="Src\types.h">
      <Filter>Header Files</Filter>
    </ClInclude>
    <ClInclude Include="Src\Game\Data\Unit\enums.h">
      <Filter>Header Files</Filter>
    </ClInclude>
    <ClInclude Include="Src\Game\Data\Unit\_units_data.h">
      <Filter>Header Files</Filter>
    </ClInclude>
    <ClInclude Include="Src\Game\Data\Unit\units_data.h">
      <Filter>Header Files</Filter>
    </ClInclude>
    <ClInclude Include="Src\Game\Inputs\inputs.h">
      <Filter>Header Files</Filter>
    </ClInclude>
    <ClInclude Include="Src\Game\Data\Palette\_palette.h">
      <Filter>Header Files</Filter>
    </ClInclude>
    <ClInclude Include="Src\Game\Board\game_board.h">
      <Filter>Header Files</Filter>
    </ClInclude>
    <ClInclude Include="Src\Game\Entity\Tile\tile.h">
      <Filter>Header Files</Filter>
    </ClInclude>
    <ClInclude Include="Src\Game\Renderer\game_renderer.h">
      <Filter>Header Files</Filter>
    </ClInclude>
    <ClInclude Include="Src\Game\Renderer\Sprite_Batch\sprite_batch.h">
      <Filter>Header Files</Filter>
    </ClInclude>
    <ClInclude Include="Src\Game\Clock\_game_clock.h">
      <Filter>Header Files</Filter>
    </ClInclude>
    <ClInclude Include="Src\Game\Clock\Tick_Event\tick_event.h">
      <Filter>Header Files</Filter>
    </ClInclude>
    <ClInclude Include="Src\Game\Renderer\Render_Grid\render_grid.h">
      <Filter>Header Files</Filter>
    </ClInclude>
    <ClInclude Include="Src\Game\Board\_game_board.h">
      <Filter>Header Files</Filter>
    </ClInclude>
    <ClInclude Include="Src\Game\Renderer\Render_Grid\_render_grid.h">
      <Filter>Header Files</Filter>
    </ClInclude>
    <ClInclude Include="Src\Game\Data\Enums\weather.h">
      <Filter>Header Files</Filter>
    </ClInclude>
    <ClInclude Include="Src\Game\Data\Animation\Frame\frame.h">
      <Filter>Header Files</Filter>
    </ClInclude>
    <ClInclude Include="Src\Game\Data\Animation\Frame\_frame.h">
      <Filter>Header Files</Filter>
    </ClInclude>
    <ClInclude Include="Src\Game\Data\Tile\Property_Tile\enums.h">
      <Filter>Header Files</Filter>
    </ClInclude>
    <ClInclude Include="Src\Game\Data\Tile\Neutral_Tile\Type\Auto_Var\_tile_auto_var_data.h">
      <Filter>Header Files</Filter>
    </ClInclude>
    <ClInclude Include="Src\Game\Data\Tile\Neutral_Tile\Type\Variation\_tile_variation_data.h">
      <Filter>Header Files</Filter>
    </ClInclude>
    <ClInclude Include="Src\Game\Data\Tile\Neutral_Tile\Type\_tile_type_data.h">
      <Filter>Header Files</Filter>
    </ClInclude>
    <ClInclude Include="Src\Game\Data\Tile\Neutral_Tile\enums.h">
      <Filter>Header Files</Filter>
    </ClInclude>
    <ClInclude Include="Src\Game\Data\Tile\Neutral_Tile\neutral_tiles_data.h">
      <Filter>Header Files</Filter>
    </ClInclude>
    <ClInclude Include="Src\Game\Data\Tile\tiles_data.h">
      <Filter>Header Files</Filter>
    </ClInclude>
    <ClInclude Include="Src\Game\Data\Tile\Property_Tile\property_tiles_data.h">
      <Filter>Header Files</Filter>
    </ClInclude>
    <ClInclude Include="Src\Game\Data\Tile\enums.h">
      <Filter>Header Files</Filter>
    </ClInclude>
    <ClInclude Include="Src\Game\Data\Tile\_tiles_data.h">
      <Filter>Header Files</Filter>
    </ClInclude>
    <ClInclude Include="Src\Game\Data\Tile\Neutral_Tile\_neutral_tiles_data.h">
      <Filter>Header Files</Filter>
    </ClInclude>
    <ClInclude Include="Src\Game\Data\Tile\Property_Tile\_property_tiles_data.h">
      <Filter>Header Files</Filter>
    </ClInclude>
    <ClInclude Include="Src\Game\Clock\game_clock.h">
      <Filter>Header Files</Filter>
    </ClInclude>
    <ClInclude Include="Src\Game\Data\Palette\raw_palette.h">
      <Filter>Header Files</Filter>
    </ClInclude>
    <ClInclude Include="Src\Game\Data\Palette\game_palette.h">
      <Filter>Header Files</Filter>
    </ClInclude>
    <ClInclude Include="Src\Game\Player\player.h">
      <Filter>Header Files</Filter>
    </ClInclude>
    <ClInclude Include="Src\Game\Player\player_index_enum.h">
      <Filter>Header Files</Filter>
    </ClInclude>
    <ClInclude Include="Src\Game\Player\CO\CO.h">
      <Filter>Header Files</Filter>
    </ClInclude>
    <ClInclude Include="Src\Game\Data\Enums\army_type.h">
      <Filter>Header Files</Filter>
    </ClInclude>
    <ClInclude Include="Src\Game\Data\CO\enums.h">
      <Filter>Header Files</Filter>
    </ClInclude>
    <ClInclude Include="Src\Utilities\Linked_List\linked_list.h">
      <Filter>Header Files</Filter>
    </ClInclude>
    <ClInclude Include="Src\Game\Stage\stage.h">
      <Filter>Header Files</Filter>
    </ClInclude>
    <ClInclude Include="Src\Game\Stage\_stage.h">
      <Filter>Header Files</Filter>
    </ClInclude>
    <ClInclude Include="Src\Game\Clock\Subscribers\Tiles\_game_clock_tile_subscriber.h">
      <Filter>Header Files</Filter>
    </ClInclude>
    <ClInclude Include="Src\Game\Clock\Subscribers\Property_Lights\_property_lights_subscriber.h">
      <Filter>Header Files</Filter>
    </ClInclude>
    <ClInclude Include="Src\Game\Inputs\Mouse\mouse.h">
      <Filter>Header Files</Filter>
    </ClInclude>
    <ClInclude Include="Src\Game\Inputs\button_state.h">
      <Filter>Header Files</Filter>
    </ClInclude>
    <ClInclude Include="Src\Game\Inputs\Keyboard\keyboard.h">
      <Filter>Header Files</Filter>
    </ClInclude>
    <ClInclude Include="Src\Utilities\Linked_List\list_entry.h">
      <Filter>Header Files</Filter>
    </ClInclude>
    <ClInclude Include="Src\Game\Editor\game_editor.h">
      <Filter>Header Files</Filter>
    </ClInclude>
    <ClInclude Include="Src\Game\Data\UI\UI_data.h">
      <Filter>Header Files</Filter>
    </ClInclude>
    <ClInclude Include="Src\Game\Data\UI\enums.h">
      <Filter>Header Files</Filter>
    </ClInclude>
    <ClInclude Include="Src\Game\Data\UI\_UI_data.h">
      <Filter>Header Files</Filter>
    </ClInclude>
    <ClInclude Include="Src\Game\Data\CO\_CO_data.h">
      <Filter>Header Files</Filter>
    </ClInclude>
    <ClInclude Include="Src\Game\Data\CO\CO_data.h">
      <Filter>Header Files</Filter>
    </ClInclude>
    <ClInclude Include="Src\Game\Renderer\Extras_Renderer\extras_renderer.h">
      <Filter>Header Files</Filter>
    </ClInclude>
    <ClInclude Include="Src\Game\Renderer\_game_renderer.h">
      <Filter>Header Files</Filter>
    </ClInclude>
    <ClInclude Include="Src\Game\Entity\entity_update_cb.h">
      <Filter>Header Files</Filter>
    </ClInclude>
    <ClInclude Include="Src\Game\Entity\entity.h">
      <Filter>Header Files</Filter>
    </ClInclude>
    <ClInclude Include="Src\Game\Entity\Tile\Neutral\_neutral_tile.h">
      <Filter>Header Files</Filter>
    </ClInclude>
    <ClInclude Include="Src\Game\Entity\Tile\Neutral\neutral_tile.h">
      <Filter>Header Files</Filter>
    </ClInclude>
    <ClInclude Include="Src\Game\Entity\Tile\Property\_property_tile.h">
      <Filter>Header Files</Filter>
    </ClInclude>
    <ClInclude Include="Src\Game\Entity\Tile\Property\property_tile.h">
      <Filter>Header Files</Filter>
    </ClInclude>
    <ClInclude Include="Src\Game\Cursor\game_cursor.h">
      <Filter>Header Files</Filter>
    </ClInclude>
    <ClInclude Include="Src\Game\Entity\Unit\unit.h">
      <Filter>Header Files</Filter>
    </ClInclude>
    <ClInclude Include="Src\Game\Entity\Unit\_unit.h">
      <Filter>Header Files</Filter>
    </ClInclude>
    <ClInclude Include="Src\Game\Editor\_game_editor.h">
      <Filter>Header Files</Filter>
    </ClInclude>
    <ClInclude Include="Src\Game\Data\Clock\clock_data.h">
      <Filter>Header Files</Filter>
    </ClInclude>
    <ClInclude Include="Src\Game\Data\Clock\enums.h">
      <Filter>Header Files</Filter>
    </ClInclude>
    <ClInclude Include="Src\Game\Data\game_data.h">
      <Filter>Header Files</Filter>
    </ClInclude>
    <ClInclude Include="Include\game.h">
      <Filter>Header Files</Filter>
    </ClInclude>
    <ClInclude Include="Include\game_data.h">
      <Filter>Header Files</Filter>
    </ClInclude>
    <ClInclude Include="Include\game_editor.h">
      <Filter>Header Files</Filter>
    </ClInclude>
    <ClInclude Include="Src\emx.h">
      <Filter>Header Files</Filter>
    </ClInclude>
    <ClInclude Include="Src\GL_Helpers\Texture_Reader\texture_reader.h">
      <Filter>Header Files</Filter>
    </ClInclude>
    <ClInclude Include="Src\Game\Data\Entity_Texture_Reader\entity_texture_reader.h">
      <Filter>Header Files</Filter>
    </ClInclude>
    <ClInclude Include="Src\Game\Data\Palette\palette.h">
      <Filter>Header Files</Filter>
    </ClInclude>
    <ClInclude Include="Src\Game\Clock\Timer\clock_timer.h">
      <Filter>Header Files</Filter>
    </ClInclude>
    <ClInclude Include="Src\Game\Clock\Pub_Sub\pub_sub.h">
      <Filter>Header Files</Filter>
    </ClInclude>
    <ClInclude Include="Include\game_message.h">
      <Filter>Header Files</Filter>
    </ClInclude>
    <ClInclude Include="Src\Utilities\Message_Service\message_service.h">
      <Filter>Header Files</Filter>
    </ClInclude>
    <ClInclude Include="Src\Game\Data\Tile\Neutral_Tile\Type\Placement_Rule\tile_placement_rule.h">
      <Filter>Header Files</Filter>
    </ClInclude>
    <ClInclude Include="Src\Game\Data\Tile\Neutral_Tile\Type\Placement_Rule\_tile_placement_rule.h">
      <Filter>Header Files</Filter>
    </ClInclude>
    <ClInclude Include="Src\Game\Controller\Editor\game_editor_controller.h">
      <Filter>Header Files</Filter>
    </ClInclude>
    <ClInclude Include="Src\Game\Controller\Editor\_game_editor_controller.h">
      <Filter>Header Files</Filter>
    </ClInclude>
    <ClInclude Include="Src\Game\Renderer\Stage_Renderer\stage_renderer.h">
      <Filter>Header Files</Filter>
    </ClInclude>
    <ClInclude Include="Src\Game\Renderer\Stage_Renderer\_stage_renderer.h">
      <Filter>Header Files</Filter>
    </ClInclude>
    <ClInclude Include="Src\Game\Controller\game_controller.h">
      <Filter>Header Files</Filter>
    </ClInclude>
    <ClInclude Include="Internal\Config\config.h">
      <Filter>Header Files</Filter>
    </ClInclude>
    <ClInclude Include="Internal\Camera\camera.h">
      <Filter>Header Files</Filter>
    </ClInclude>
    <ClInclude Include="Internal\Camera\_camera.h">
      <Filter>Header Files</Filter>
    </ClInclude>
    <ClInclude Include="Internal\Utilities\utilities.h">
      <Filter>Header Files</Filter>
    </ClInclude>
    <ClInclude Include="Internal\Utilities\Headers\macros.h">
      <Filter>Header Files</Filter>
    </ClInclude>
    <ClInclude Include="Internal\Utilities\Headers\types.h">
      <Filter>Header Files</Filter>
    </ClInclude>
  </ItemGroup>
  <ItemGroup>
    <Font Include="Resources\Fonts\aw2-gba.ttf" />
  </ItemGroup>
  <ItemGroup>
    <Image Include="Resources\Textures\spritesheet.png">
      <Filter>Resource Files</Filter>
    </Image>
  </ItemGroup>
  <ItemGroup>
    <None Include="Resources\Data\game_data.json" />
    <None Include="Resources\Shaders\basic.vert" />
    <None Include="Resources\Shaders\basic.frag" />
    <None Include="Resources\Shaders\grid.frag" />
    <None Include="Resources\Shaders\grid.vert" />
    <None Include="Resources\Shaders_ES\grid.frag" />
    <None Include="Resources\Shaders_ES\grid.vert" />
    <None Include="Resources\Shaders_ES\basic.frag" />
    <None Include="Resources\Shaders_ES\basic.vert" />
  </ItemGroup>
</Project>