<?xml version="1.0" encoding="utf-8"?>
<Project ToolsVersion="4.0" xmlns="http://schemas.microsoft.com/developer/msbuild/2003">
  <ItemGroup>
    <Filter Include="Source Files">
      <UniqueIdentifier>{4FC737F1-C7A5-4376-A066-2A32D752A2FF}</UniqueIdentifier>
      <Extensions>cpp;c;cc;cxx;def;odl;idl;hpj;bat;asm;asmx</Extensions>
    </Filter>
    <Filter Include="Header Files">
      <UniqueIdentifier>{93995380-89BD-4b04-88EB-625FBE52EBFB}</UniqueIdentifier>
      <Extensions>h;hh;hpp;hxx;hm;inl;inc;ipp;xsd</Extensions>
    </Filter>
    <Filter Include="Resource Files">
      <UniqueIdentifier>{67DA6AB6-F800-4c08-8B7A-83BB121AAD01}</UniqueIdentifier>
      <Extensions>rc;ico;cur;bmp;dlg;rc2;rct;bin;rgs;gif;jpg;jpeg;jpe;resx;tiff;tif;png;wav;mfcribbon-ms</Extensions>
    </Filter>
  </ItemGroup>
  <ItemGroup>
    <ClCompile Include="Internal\Camera\focus.c">
      <Filter>Source Files</Filter>
    </ClCompile>
    <ClCompile Include="Internal\Camera\zoom.c">
      <Filter>Source Files</Filter>
    </ClCompile>
    <ClCompile Include="Internal\Camera\camera.c">
      <Filter>Source Files</Filter>
    </ClCompile>
    <ClCompile Include="Internal\Utilities\round_float_to_int.c">
      <Filter>Source Files</Filter>
    </ClCompile>
    <ClCompile Include="Internal\Stage\generate_custom_stage.c">
      <Filter>Source Files</Filter>
    </ClCompile>
    <ClCompile Include="Internal\Stage\generate_filled_stage.c">
      <Filter>Source Files</Filter>
    </ClCompile>
    <ClCompile Include="Internal\Stage\generate_stage_from_string.c">
      <Filter>Source Files</Filter>
    </ClCompile>
    <ClCompile Include="Internal\Stage\stage.c">
      <Filter>Source Files</Filter>
    </ClCompile>
    <ClCompile Include="Internal\Stage\stringify_stage.c">
      <Filter>Source Files</Filter>
    </ClCompile>
    <ClCompile Include="Internal\Stage\validate_stage.c">
      <Filter>Source Files</Filter>
    </ClCompile>
    <ClCompile Include="Internal\Stage\validate_stage_string_data.c">
      <Filter>Source Files</Filter>
    </ClCompile>
    <ClCompile Include="Internal\Player\CO\CO.c">
      <Filter>Source Files</Filter>
    </ClCompile>
    <ClCompile Include="Internal\Player\player.c">
      <Filter>Source Files</Filter>
    </ClCompile>
    <ClCompile Include="Internal\Texture_Reader\texture_reader.c">
      <Filter>Source Files</Filter>
    </ClCompile>
    <ClCompile Include="Internal\GL_Helpers\create_projection_matrix.c">
      <Filter>Source Files</Filter>
    </ClCompile>
    <ClCompile Include="Internal\GL_Helpers\create_shader_program.c">
      <Filter>Source Files</Filter>
    </ClCompile>
    <ClCompile Include="Internal\GL_Helpers\create_texture.c">
      <Filter>Source Files</Filter>
    </ClCompile>
    <ClCompile Include="Internal\GL_Helpers\glad.c">
      <Filter>Source Files</Filter>
    </ClCompile>
    <ClCompile Include="Internal\GL_Helpers\read_texture_data.c">
      <Filter>Source Files</Filter>
    </ClCompile>
    <ClCompile Include="Internal\Utilities\read_file.c">
      <Filter>Source Files</Filter>
    </ClCompile>
    <ClCompile Include="Internal\Utilities\hex_string_to_data.c">
      <Filter>Source Files</Filter>
    </ClCompile>
    <ClCompile Include="Internal\Linked_List\linked_list.c">
      <Filter>Source Files</Filter>
    </ClCompile>
    <ClCompile Include="Internal\Linked_List\list_entry.c">
      <Filter>Source Files</Filter>
    </ClCompile>
    <ClCompile Include="Libs\Game_Message\game_message.c">
      <Filter>Source Files</Filter>
    </ClCompile>
    <ClCompile Include="Libs\Game_Message\game_message_simple.c">
      <Filter>Source Files</Filter>
    </ClCompile>
    <ClCompile Include="Internal\Palette\palette.c">
      <Filter>Source Files</Filter>
    </ClCompile>
    <ClCompile Include="Internal\Palette\palette_index.c">
      <Filter>Source Files</Filter>
    </ClCompile>
    <ClCompile Include="Internal\Palette\update_palette.c">
      <Filter>Source Files</Filter>
    </ClCompile>
    <ClCompile Include="Internal\Palette\update_palette_property_lights.c">
      <Filter>Source Files</Filter>
    </ClCompile>
    <ClCompile Include="Internal\Palette\update_palette_property_weather.c">
      <Filter>Source Files</Filter>
    </ClCompile>
    <ClCompile Include="Libs\Game\game.c">
      <Filter>Source Files</Filter>
    </ClCompile>
    <ClCompile Include="Libs\Game\prepare_design_room_game.c">
      <Filter>Source Files</Filter>
    </ClCompile>
    <ClCompile Include="Libs\Game\unprepare_game.c">
      <Filter>Source Files</Filter>
    </ClCompile>
    <ClCompile Include="Libs\Game\run_game.c">
      <Filter>Source Files</Filter>
    </ClCompile>
    <ClCompile Include="Libs\Entity_Texture_Reader\entity_texture_reader.c">
      <Filter>Source Files</Filter>
    </ClCompile>
    <ClCompile Include="Libs\Game_Data\Animation\animation.c">
      <Filter>Source Files</Filter>
    </ClCompile>
    <ClCompile Include="Libs\Game_Data\Clock_Data\clock_data.c">
      <Filter>Source Files</Filter>
    </ClCompile>
    <ClCompile Include="Libs\Game_Data\CO_Data\CO_data_access.c">
      <Filter>Source Files</Filter>
    </ClCompile>
    <ClCompile Include="Libs\Game_Data\CO_Data\CO_data_creation.c">
      <Filter>Source Files</Filter>
    </ClCompile>
    <ClCompile Include="Libs\Game_Data\Frame\frame.c">
      <Filter>Source Files</Filter>
    </ClCompile>
    <ClCompile Include="Libs\Game_Data\Palette_Data\palette_data.c">
      <Filter>Source Files</Filter>
    </ClCompile>
    <ClCompile Include="Libs\Game_Data\Palette_Data\palette_data_access.c">
      <Filter>Source Files</Filter>
    </ClCompile>
    <ClCompile Include="Libs\Game_Data\Palette_Data\palette_NDC_index.c">
      <Filter>Source Files</Filter>
    </ClCompile>
    <ClCompile Include="Libs\Game_Data\Property_Data\property_data.c">
      <Filter>Source Files</Filter>
    </ClCompile>
    <ClCompile Include="Libs\Game_Data\Property_Data\property_data_access.c">
      <Filter>Source Files</Filter>
    </ClCompile>
    <ClCompile Include="Libs\Game_Data\Tile_Data\Tile_Auto_Var\tile_auto_var.c">
      <Filter>Source Files</Filter>
    </ClCompile>
    <ClCompile Include="Libs\Game_Data\Tile_Data\Tile_Placement_Rule\tile_placement_rule.c">
      <Filter>Source Files</Filter>
    </ClCompile>
    <ClCompile Include="Libs\Game_Data\Tile_Data\Tile_Placement_Rule\tile_placement_rule_set.c">
      <Filter>Source Files</Filter>
    </ClCompile>
    <ClCompile Include="Libs\Game_Data\Tile_Data\Tile_Type_Data\tile_type_data.c">
      <Filter>Source Files</Filter>
    </ClCompile>
    <ClCompile Include="Libs\Game_Data\Tile_Data\Tile_Variation_Data\tile_variation_data.c">
      <Filter>Source Files</Filter>
    </ClCompile>
    <ClCompile Include="Libs\Game_Data\Tile_Data\tile_auto_var_access.c">
      <Filter>Source Files</Filter>
    </ClCompile>
    <ClCompile Include="Libs\Game_Data\Tile_Data\tile_data.c">
      <Filter>Source Files</Filter>
    </ClCompile>
    <ClCompile Include="Libs\Game_Data\Tile_Data\tile_placement_rule_access.c">
      <Filter>Source Files</Filter>
    </ClCompile>
    <ClCompile Include="Libs\Game_Data\Tile_Data\tile_variation_data_access.c">
      <Filter>Source Files</Filter>
    </ClCompile>
    <ClCompile Include="Libs\Game_Data\UI_Data\UI_data_access.c">
      <Filter>Source Files</Filter>
    </ClCompile>
    <ClCompile Include="Libs\Game_Data\UI_Data\UI_data_creation.c">
      <Filter>Source Files</Filter>
    </ClCompile>
    <ClCompile Include="Libs\Game_Data\Unit_Data\unit_data_access.c">
      <Filter>Source Files</Filter>
    </ClCompile>
    <ClCompile Include="Libs\Game_Data\Unit_Data\unit_data_creation.c">
      <Filter>Source Files</Filter>
    </ClCompile>
    <ClCompile Include="Libs\Game_Data\game_data.c">
      <Filter>Source Files</Filter>
    </ClCompile>
    <ClCompile Include="Libs\Game_Window\game_window.c">
      <Filter>Source Files</Filter>
    </ClCompile>
    <ClCompile Include="Internal\Input_State\Keyboard_State\keyboard_state.c">
      <Filter>Source Files</Filter>
    </ClCompile>
    <ClCompile Include="Internal\Input_State\Mouse_State\mouse_state.c">
      <Filter>Source Files</Filter>
    </ClCompile>
    <ClCompile Include="Libs\Input_Handlers\Keyboard_Handler\keyboard_handler.c">
      <Filter>Source Files</Filter>
    </ClCompile>
    <ClCompile Include="Libs\Input_Handlers\Mouse_Handler\mouse_handler.c">
      <Filter>Source Files</Filter>
    </ClCompile>
  </ItemGroup>
  <ItemGroup>
    <ClInclude Include="Src\Libraries\cJSON.h">
      <Filter>Header Files</Filter>
    </ClInclude>
    <ClInclude Include="Src\Libraries\c_hashmap.h">
      <Filter>Header Files</Filter>
    </ClInclude>
    <ClInclude Include="Src\Libraries\SDL_FontCache.h">
      <Filter>Header Files</Filter>
    </ClInclude>
    <ClInclude Include="Internal\Config\config.h">
      <Filter>Header Files</Filter>
    </ClInclude>
    <ClInclude Include="Internal\Camera\camera.h">
      <Filter>Header Files</Filter>
    </ClInclude>
    <ClInclude Include="Internal\Camera\_camera.h">
      <Filter>Header Files</Filter>
    </ClInclude>
    <ClInclude Include="Internal\Utilities\utilities.h">
      <Filter>Header Files</Filter>
    </ClInclude>
    <ClInclude Include="Internal\Utilities\Headers\macros.h">
      <Filter>Header Files</Filter>
    </ClInclude>
    <ClInclude Include="Internal\Stage\_stage.h">
      <Filter>Header Files</Filter>
    </ClInclude>
    <ClInclude Include="Internal\Stage\stage.h">
      <Filter>Header Files</Filter>
    </ClInclude>
    <ClInclude Include="Internal\Player\CO\CO.h">
      <Filter>Header Files</Filter>
    </ClInclude>
    <ClInclude Include="Internal\Player\player.h">
      <Filter>Header Files</Filter>
    </ClInclude>
    <ClInclude Include="Internal\Player\player_index_enum.h">
      <Filter>Header Files</Filter>
    </ClInclude>
    <ClInclude Include="Internal\Texture_Reader\texture_reader.h">
      <Filter>Header Files</Filter>
    </ClInclude>
    <ClInclude Include="Internal\GL_Helpers\gl_helpers.h">
      <Filter>Header Files</Filter>
    </ClInclude>
    <ClInclude Include="Internal\Linked_List\linked_list.h">
      <Filter>Header Files</Filter>
    </ClInclude>
    <ClInclude Include="Internal\Linked_List\list_entry.h">
      <Filter>Header Files</Filter>
    </ClInclude>
    <ClInclude Include="Include\Game_Message\game_message.h">
      <Filter>Header Files</Filter>
    </ClInclude>
    <ClInclude Include="Libs\Game_Message\game_message.h">
      <Filter>Header Files</Filter>
    </ClInclude>
    <ClInclude Include="Include\emx.h">
      <Filter>Header Files</Filter>
    </ClInclude>
    <ClInclude Include="Include\types.h">
      <Filter>Header Files</Filter>
    </ClInclude>
    <ClInclude Include="Internal\Palette\_palette.h">
      <Filter>Header Files</Filter>
    </ClInclude>
    <ClInclude Include="Internal\Palette\palette.h">
      <Filter>Header Files</Filter>
    </ClInclude>
    <ClInclude Include="Internal\Palette\Headers\palette_index.h">
      <Filter>Header Files</Filter>
    </ClInclude>
    <ClInclude Include="Internal\Palette\Headers\update_palette.h">
      <Filter>Header Files</Filter>
    </ClInclude>
    <ClInclude Include="Libs\Game\game.h">
      <Filter>Header Files</Filter>
    </ClInclude>
    <ClInclude Include="Include\Game\game.h">
      <Filter>Header Files</Filter>
    </ClInclude>
    <ClInclude Include="Libs\Game\_game.h">
      <Filter>Header Files</Filter>
    </ClInclude>
    <ClInclude Include="Include\Game_Data\game_data.h">
      <Filter>Header Files</Filter>
    </ClInclude>
    <ClInclude Include="Include\Entity_Texture_Reader\entity_texture_reader.h">
      <Filter>Header Files</Filter>
    </ClInclude>
    <ClInclude Include="Libs\Entity_Texture_Reader\entity_texture_reader.h">
      <Filter>Header Files</Filter>
    </ClInclude>
    <ClInclude Include="Libs\Game_Data\Animation\animation.h">
      <Filter>Header Files</Filter>
    </ClInclude>
    <ClInclude Include="Libs\Game_Data\Clock_Data\Headers\clock_types.h">
      <Filter>Header Files</Filter>
    </ClInclude>
    <ClInclude Include="Libs\Game_Data\Clock_Data\clock_data.h">
      <Filter>Header Files</Filter>
    </ClInclude>
    <ClInclude Include="Libs\Game_Data\CO_Data\Headers\CO_frame_types.h">
      <Filter>Header Files</Filter>
    </ClInclude>
    <ClInclude Include="Libs\Game_Data\CO_Data\Headers\CO_types.h">
      <Filter>Header Files</Filter>
    </ClInclude>
    <ClInclude Include="Libs\Game_Data\CO_Data\_CO_data.h">
      <Filter>Header Files</Filter>
    </ClInclude>
    <ClInclude Include="Libs\Game_Data\CO_Data\CO_data.h">
      <Filter>Header Files</Filter>
    </ClInclude>
    <ClInclude Include="Libs\Game_Data\Frame\_frame.h">
      <Filter>Header Files</Filter>
    </ClInclude>
    <ClInclude Include="Libs\Game_Data\Frame\frame.h">
      <Filter>Header Files</Filter>
    </ClInclude>
    <ClInclude Include="Libs\Game_Data\Palette_Data\_palette_data.h">
      <Filter>Header Files</Filter>
    </ClInclude>
    <ClInclude Include="Libs\Game_Data\Palette_Data\palette_data.h">
      <Filter>Header Files</Filter>
    </ClInclude>
    <ClInclude Include="Libs\Game_Data\Property_Data\_property_data.h">
      <Filter>Header Files</Filter>
    </ClInclude>
    <ClInclude Include="Libs\Game_Data\Property_Data\property_data.h">
      <Filter>Header Files</Filter>
    </ClInclude>
    <ClInclude Include="Libs\Game_Data\Tile_Data\Headers\macros.h">
      <Filter>Header Files</Filter>
    </ClInclude>
    <ClInclude Include="Libs\Game_Data\Tile_Data\Headers\tile_auto_var_access.h">
      <Filter>Header Files</Filter>
    </ClInclude>
    <ClInclude Include="Libs\Game_Data\Tile_Data\Headers\tile_placement_rule_access.h">
      <Filter>Header Files</Filter>
    </ClInclude>
    <ClInclude Include="Libs\Game_Data\Tile_Data\Headers\tile_variation_data_access.h">
      <Filter>Header Files</Filter>
    </ClInclude>
    <ClInclude Include="Libs\Game_Data\Tile_Data\Tile_Auto_Var\_tile_auto_var.h">
      <Filter>Header Files</Filter>
    </ClInclude>
    <ClInclude Include="Libs\Game_Data\Tile_Data\Tile_Auto_Var\tile_auto_var.h">
      <Filter>Header Files</Filter>
    </ClInclude>
    <ClInclude Include="Libs\Game_Data\Tile_Data\Tile_Placement_Rule\_tile_placement_rule.h">
      <Filter>Header Files</Filter>
    </ClInclude>
    <ClInclude Include="Libs\Game_Data\Tile_Data\Tile_Placement_Rule\tile_placement_rule.h">
      <Filter>Header Files</Filter>
    </ClInclude>
    <ClInclude Include="Libs\Game_Data\Tile_Data\Tile_Type_Data\_tile_type_data.h">
      <Filter>Header Files</Filter>
    </ClInclude>
    <ClInclude Include="Libs\Game_Data\Tile_Data\Tile_Type_Data\tile_type_data.h">
      <Filter>Header Files</Filter>
    </ClInclude>
    <ClInclude Include="Libs\Game_Data\Tile_Data\Tile_Variation_Data\_tile_variation_data.h">
      <Filter>Header Files</Filter>
    </ClInclude>
    <ClInclude Include="Libs\Game_Data\Tile_Data\Tile_Variation_Data\tile_variation_data.h">
      <Filter>Header Files</Filter>
    </ClInclude>
    <ClInclude Include="Libs\Game_Data\Tile_Data\_tile_data.h">
      <Filter>Header Files</Filter>
    </ClInclude>
    <ClInclude Include="Libs\Game_Data\Tile_Data\tile_data.h">
      <Filter>Header Files</Filter>
    </ClInclude>
    <ClInclude Include="Libs\Game_Data\UI_Data\Headers\UI_elements.h">
      <Filter>Header Files</Filter>
    </ClInclude>
    <ClInclude Include="Libs\Game_Data\UI_Data\_UI_data.h">
      <Filter>Header Files</Filter>
    </ClInclude>
    <ClInclude Include="Libs\Game_Data\UI_Data\UI_data.h">
      <Filter>Header Files</Filter>
    </ClInclude>
    <ClInclude Include="Libs\Game_Data\Unit_Data\_unit_data.h">
      <Filter>Header Files</Filter>
    </ClInclude>
    <ClInclude Include="Libs\Game_Data\Unit_Data\unit_data.h">
      <Filter>Header Files</Filter>
    </ClInclude>
    <ClInclude Include="Libs\Game_Data\game_data.h">
      <Filter>Header Files</Filter>
    </ClInclude>
    <ClInclude Include="Include\Game_Data\army_types.h">
      <Filter>Header Files</Filter>
    </ClInclude>
    <ClInclude Include="Include\Game_Data\weather.h">
      <Filter>Header Files</Filter>
    </ClInclude>
    <ClInclude Include="Include\Game_Data\clock_data.h">
      <Filter>Header Files</Filter>
    </ClInclude>
    <ClInclude Include="Include\Game_Data\CO_data.h">
      <Filter>Header Files</Filter>
    </ClInclude>
    <ClInclude Include="Include\Game_Data\palette_data.h">
      <Filter>Header Files</Filter>
    </ClInclude>
    <ClInclude Include="Include\Game_Data\property_data.h">
      <Filter>Header Files</Filter>
    </ClInclude>
    <ClInclude Include="Include\Game_Data\property_types.h">
      <Filter>Header Files</Filter>
    </ClInclude>
    <ClInclude Include="Include\Game_Data\tile_data.h">
      <Filter>Header Files</Filter>
    </ClInclude>
    <ClInclude Include="Include\Game_Data\tile_types.h">
      <Filter>Header Files</Filter>
    </ClInclude>
    <ClInclude Include="Include\Game_Data\tile_variations.h">
      <Filter>Header Files</Filter>
    </ClInclude>
    <ClInclude Include="Include\Game_Data\UI_data.h">
      <Filter>Header Files</Filter>
    </ClInclude>
    <ClInclude Include="Include\Game_Data\unit_animations.h">
      <Filter>Header Files</Filter>
    </ClInclude>
    <ClInclude Include="Include\Game_Data\unit_data.h">
      <Filter>Header Files</Filter>
    </ClInclude>
    <ClInclude Include="Include\Game_Data\unit_types.h">
      <Filter>Header Files</Filter>
    </ClInclude>
    <ClInclude Include="Include\Game\game_editor_controller.h">
      <Filter>Header Files</Filter>
    </ClInclude>
    <ClInclude Include="Libs\Game_Window\_game_window.h">
      <Filter>Header Files</Filter>
    </ClInclude>
    <ClInclude Include="Libs\Game_Window\game_window.h">
      <Filter>Header Files</Filter>
    </ClInclude>
    <ClInclude Include="Include\Game_Window\game_window.h">
      <Filter>Header Files</Filter>
    </ClInclude>
    <ClInclude Include="Internal\Input_State\Headers\button_state.h">
      <Filter>Header Files</Filter>
    </ClInclude>
    <ClInclude Include="Internal\Input_State\Keyboard_State\keyboard_state.h">
      <Filter>Header Files</Filter>
    </ClInclude>
    <ClInclude Include="Internal\Input_State\Mouse_State\mouse_state.h">
      <Filter>Header Files</Filter>
    </ClInclude>
    <ClInclude Include="Libs\Input_Handlers\Keyboard_Handler\_keyboard_handler.h">
      <Filter>Header Files</Filter>
    </ClInclude>
    <ClInclude Include="Libs\Input_Handlers\Keyboard_Handler\keyboard_handler.h">
      <Filter>Header Files</Filter>
    </ClInclude>
    <ClInclude Include="Libs\Input_Handlers\Mouse_Handler\_mouse_handler.h">
      <Filter>Header Files</Filter>
    </ClInclude>
    <ClInclude Include="Libs\Input_Handlers\Mouse_Handler\mouse_handler.h">
      <Filter>Header Files</Filter>
    </ClInclude>
  </ItemGroup>
  <ItemGroup>
    <Font Include="Resources\Fonts\aw2-gba.ttf" />
  </ItemGroup>
  <ItemGroup>
    <Image Include="Resources\Textures\spritesheet.png">
      <Filter>Resource Files</Filter>
    </Image>
  </ItemGroup>
  <ItemGroup>
    <None Include="Resources\Data\game_data.json" />
    <None Include="Resources\Shaders\basic.vert" />
    <None Include="Resources\Shaders\basic.frag" />
    <None Include="Resources\Shaders\grid.frag" />
    <None Include="Resources\Shaders\grid.vert" />
    <None Include="Resources\Shaders_ES\grid.frag" />
    <None Include="Resources\Shaders_ES\grid.vert" />
    <None Include="Resources\Shaders_ES\basic.frag" />
    <None Include="Resources\Shaders_ES\basic.vert" />
  </ItemGroup>
</Project>