<?xml version="1.0" encoding="utf-8"?>
<Project ToolsVersion="4.0" xmlns="http://schemas.microsoft.com/developer/msbuild/2003">
  <ItemGroup>
    <Filter Include="Source Files">
      <UniqueIdentifier>{4FC737F1-C7A5-4376-A066-2A32D752A2FF}</UniqueIdentifier>
      <Extensions>cpp;c;cc;cxx;def;odl;idl;hpj;bat;asm;asmx</Extensions>
    </Filter>
    <Filter Include="Header Files">
      <UniqueIdentifier>{93995380-89BD-4b04-88EB-625FBE52EBFB}</UniqueIdentifier>
      <Extensions>h;hh;hpp;hxx;hm;inl;inc;ipp;xsd</Extensions>
    </Filter>
    <Filter Include="Resource Files">
      <UniqueIdentifier>{67DA6AB6-F800-4c08-8B7A-83BB121AAD01}</UniqueIdentifier>
      <Extensions>rc;ico;cur;bmp;dlg;rc2;rct;bin;rgs;gif;jpg;jpeg;jpe;resx;tiff;tif;png;wav;mfcribbon-ms</Extensions>
    </Filter>
  </ItemGroup>
  <ItemGroup>
    <ClCompile Include="src\main.c">
      <Filter>Source Files</Filter>
    </ClCompile>
    <ClCompile Include="Src\init.c">
      <Filter>Source Files</Filter>
    </ClCompile>
    <ClCompile Include="Src\Utils\utils.c">
      <Filter>Source Files</Filter>
    </ClCompile>
    <ClCompile Include="Src\Visuals\Process\units.c">
      <Filter>Source Files</Filter>
    </ClCompile>
    <ClCompile Include="Src\Visuals\Data\JSON\cJSON.c">
      <Filter>Source Files</Filter>
    </ClCompile>
    <ClCompile Include="Src\Visuals\Data\Units\units_data.c">
      <Filter>Source Files</Filter>
    </ClCompile>
    <ClCompile Include="Src\Visuals\Data\data_init.c">
      <Filter>Source Files</Filter>
    </ClCompile>
    <ClCompile Include="Src\Visuals\Data\JSON\JSON_access.c">
      <Filter>Source Files</Filter>
    </ClCompile>
  </ItemGroup>
  <ItemGroup>
    <Image Include="Resources\spritesheet.png">
      <Filter>Resource Files</Filter>
    </Image>
  </ItemGroup>
  <ItemGroup>
    <None Include="Resources\visuals.json">
      <Filter>Resource Files</Filter>
    </None>
  </ItemGroup>
  <ItemGroup>
    <ClInclude Include="Src\conf.h">
      <Filter>Header Files</Filter>
    </ClInclude>
    <ClInclude Include="Src\game.h">
      <Filter>Header Files</Filter>
    </ClInclude>
    <ClInclude Include="Src\init.h">
      <Filter>Header Files</Filter>
    </ClInclude>
    <ClInclude Include="Src\Utils\utils.h">
      <Filter>Header Files</Filter>
    </ClInclude>
    <ClInclude Include="Src\Visuals\process.h">
      <Filter>Header Files</Filter>
    </ClInclude>
    <ClInclude Include="Src\Utils\macros.h">
      <Filter>Header Files</Filter>
    </ClInclude>
    <ClInclude Include="Src\Visuals\data_init.h">
      <Filter>Header Files</Filter>
    </ClInclude>
    <ClInclude Include="Src\Visuals\data_access.h">
      <Filter>Header Files</Filter>
    </ClInclude>
    <ClInclude Include="Src\Visuals\Data\JSON\cJSON.h">
      <Filter>Header Files</Filter>
    </ClInclude>
    <ClInclude Include="Src\Visuals\Data\Units\units_data.h">
      <Filter>Header Files</Filter>
    </ClInclude>
    <ClInclude Include="Src\Visuals\Data\Units\units_enums.h">
      <Filter>Header Files</Filter>
    </ClInclude>
    <ClInclude Include="Src\Visuals\Data\data_init_internal.h">
      <Filter>Header Files</Filter>
    </ClInclude>
    <ClInclude Include="Src\Visuals\Data\JSON\JSON_access.h">
      <Filter>Header Files</Filter>
    </ClInclude>
  </ItemGroup>
</Project>