<?xml version="1.0" encoding="utf-8"?>
<Project ToolsVersion="4.0" xmlns="http://schemas.microsoft.com/developer/msbuild/2003">
  <ItemGroup>
    <Filter Include="Source Files">
      <UniqueIdentifier>{4FC737F1-C7A5-4376-A066-2A32D752A2FF}</UniqueIdentifier>
      <Extensions>cpp;c;cc;cxx;def;odl;idl;hpj;bat;asm;asmx</Extensions>
    </Filter>
  </ItemGroup>
  <ItemGroup>
    <ClCompile Include="Src\main.c">
      <Filter>Source Files</Filter>
    </ClCompile>
    <ClCompile Include="Libs\c_hashmap.c">
      <Filter>Source Files</Filter>
    </ClCompile>
    <ClCompile Include="Src\Console\console.c">
      <Filter>Source Files</Filter>
    </ClCompile>
    <ClCompile Include="Src\Console\Command\command.c">
      <Filter>Source Files</Filter>
    </ClCompile>
    <ClCompile Include="Src\Console\Command\command_list.c">
      <Filter>Source Files</Filter>
    </ClCompile>
    <ClCompile Include="Src\Console\Functions\init.c">
      <Filter>Source Files</Filter>
    </ClCompile>
    <ClCompile Include="Src\Utilities\str_is_int.c">
      <Filter>Source Files</Filter>
    </ClCompile>
    <ClCompile Include="Src\Console\process_console_command.c">
      <Filter>Source Files</Filter>
    </ClCompile>
    <ClCompile Include="Src\Console\console_output.c">
      <Filter>Source Files</Filter>
    </ClCompile>
    <ClCompile Include="Src\Console\focus_console_window.c">
      <Filter>Source Files</Filter>
    </ClCompile>
    <ClCompile Include="Src\Console\Functions\run_dr.c">
      <Filter>Source Files</Filter>
    </ClCompile>
  </ItemGroup>
  <ItemGroup>
    <ClInclude Include="Src\Console\console.h" />
    <ClInclude Include="Src\Console\_console.h" />
    <ClInclude Include="Src\Console\Command\command.h" />
    <ClInclude Include="Src\Console\Command\command_descriptor.h" />
    <ClInclude Include="Src\Console\Command\command_list.h" />
    <ClInclude Include="Src\Utilities\utilities.h" />
  </ItemGroup>
</Project>